
Microsoft Visual Studio Solution File, Format Version 12.00
# Visual Studio Version 16
VisualStudioVersion = 16.0.32413.511
MinimumVisualStudioVersion = 10.0.40219.1
Project("{FAE04EC0-301F-11D3-BF4B-00C04F79EFBC}") = "Eid GUI", "Eid GUI\Eid GUI.csproj", "{D6825C04-6B0F-48BE-85D1-269A3EDD3CCE}"
EndProject
Global
	GlobalSection(SolutionConfigurationPlatforms) = preSolution
		Debug|Any CPU = Debug|Any CPU
		Release|Any CPU = Release|Any CPU
	EndGlobalSection
	GlobalSection(ProjectConfigurationPlatforms) = postSolution
		{D6825C04-6B0F-48BE-85D1-269A3EDD3CCE}.Debug|Any CPU.ActiveCfg = Debug|Any CPU
		{D6825C04-6B0F-48BE-85D1-269A3EDD3CCE}.Debug|Any CPU.Build.0 = Debug|Any CPU
		{D6825C04-6B0F-48BE-85D1-269A3EDD3CCE}.Release|Any CPU.ActiveCfg = Release|Any CPU
		{D6825C04-6B0F-48BE-85D1-269A3EDD3CCE}.Release|Any CPU.Build.0 = Release|Any CPU
	EndGlobalSection
	GlobalSection(SolutionProperties) = preSolution
		HideSolutionNode = FALSE
	EndGlobalSection
	GlobalSection(ExtensibilityGlobals) = postSolution
		SolutionGuid = {291FBA1A-B921-4E86-8FB1-60DF690A10DE}
	EndGlobalSection
EndGlobal
